
Microsoft Visual Studio Solution File, Format Version 12.00
# Visual Studio Version 16
VisualStudioVersion = 16.0.31424.327
MinimumVisualStudioVersion = 10.0.40219.1
Project("{FAE04EC0-301F-11D3-BF4B-00C04F79EFBC}") = "Cliente_TulaWoW", "Cliente_TulaWoW\Cliente_TulaWoW.csproj", "{A7010E64-FA66-4538-A332-5855A94D053C}"
EndProject
Global
	GlobalSection(SolutionConfigurationPlatforms) = preSolution
		Debug|Any CPU = Debug|Any CPU
		Release|Any CPU = Release|Any CPU
	EndGlobalSection
	GlobalSection(ProjectConfigurationPlatforms) = postSolution
		{A7010E64-FA66-4538-A332-5855A94D053C}.Debug|Any CPU.ActiveCfg = Debug|Any CPU
		{A7010E64-FA66-4538-A332-5855A94D053C}.Debug|Any CPU.Build.0 = Debug|Any CPU
		{A7010E64-FA66-4538-A332-5855A94D053C}.Release|Any CPU.ActiveCfg = Release|Any CPU
		{A7010E64-FA66-4538-A332-5855A94D053C}.Release|Any CPU.Build.0 = Release|Any CPU
	EndGlobalSection
	GlobalSection(SolutionProperties) = preSolution
		HideSolutionNode = FALSE
	EndGlobalSection
	GlobalSection(ExtensibilityGlobals) = postSolution
		SolutionGuid = {7C6CAF26-54D3-4A8D-A41E-5BA13681D628}
	EndGlobalSection
EndGlobal
